
Microsoft Visual Studio Solution File, Format Version 12.00
# Visual Studio 15
VisualStudioVersion = 15.0.28010.2046
MinimumVisualStudioVersion = 10.0.40219.1
Project("{FAE04EC0-301F-11D3-BF4B-00C04F79EFBC}") = "AutoList-Desktop", "AutoList-Desktop\AutoList-Desktop.csproj", "{6AA83CA1-00CC-4354-B34C-50FB5933072E}"
EndProject
Global
	GlobalSection(SolutionConfigurationPlatforms) = preSolution
		Debug|Any CPU = Debug|Any CPU
		Release|Any CPU = Release|Any CPU
	EndGlobalSection
	GlobalSection(ProjectConfigurationPlatforms) = postSolution
		{6AA83CA1-00CC-4354-B34C-50FB5933072E}.Debug|Any CPU.ActiveCfg = Debug|Any CPU
		{6AA83CA1-00CC-4354-B34C-50FB5933072E}.Debug|Any CPU.Build.0 = Debug|Any CPU
		{6AA83CA1-00CC-4354-B34C-50FB5933072E}.Release|Any CPU.ActiveCfg = Release|Any CPU
		{6AA83CA1-00CC-4354-B34C-50FB5933072E}.Release|Any CPU.Build.0 = Release|Any CPU
	EndGlobalSection
	GlobalSection(SolutionProperties) = preSolution
		HideSolutionNode = FALSE
	EndGlobalSection
	GlobalSection(ExtensibilityGlobals) = postSolution
		SolutionGuid = {41C763C9-BCCF-41C0-924E-57281E8A5B61}
	EndGlobalSection
EndGlobal
